// !$*UTF8*$!
{
	archiveVersion = 1;
	classes = {
	};
	objectVersion = 51;
	objects = {

/* Begin PBXBuildFile section */
		28A151E67B23833E3360F73E /* libPods-omnichat_sdk_react_native.a in Frameworks */ = {isa = PBXBuildFile; fileRef = F14E3BFFD8F7F854625990BE /* libPods-omnichat_sdk_react_native.a */; };
		CED6A6092653F61B005D29E7 /* AppDelegate.swift in Sources */ = {isa = PBXBuildFile; fileRef = CED6A6082653F61B005D29E7 /* AppDelegate.swift */; };
		CED6A60B2653F61B005D29E7 /* SceneDelegate.swift in Sources */ = {isa = PBXBuildFile; fileRef = CED6A60A2653F61B005D29E7 /* SceneDelegate.swift */; };
		CED6A60D2653F61B005D29E7 /* ViewController.swift in Sources */ = {isa = PBXBuildFile; fileRef = CED6A60C2653F61B005D29E7 /* ViewController.swift */; };
		CED6A6102653F61B005D29E7 /* Main.storyboard in Resources */ = {isa = PBXBuildFile; fileRef = CED6A60E2653F61B005D29E7 /* Main.storyboard */; };
		CED6A6122653F61D005D29E7 /* Assets.xcassets in Resources */ = {isa = PBXBuildFile; fileRef = CED6A6112653F61D005D29E7 /* Assets.xcassets */; };
		CED6A6152653F61D005D29E7 /* LaunchScreen.storyboard in Resources */ = {isa = PBXBuildFile; fileRef = CED6A6132653F61D005D29E7 /* LaunchScreen.storyboard */; };
		CED6A6202653F61D005D29E7 /* omnichat_sdk_react_nativeTests.swift in Sources */ = {isa = PBXBuildFile; fileRef = CED6A61F2653F61D005D29E7 /* omnichat_sdk_react_nativeTests.swift */; };
		CED6A62B2653F61D005D29E7 /* omnichat_sdk_react_nativeUITests.swift in Sources */ = {isa = PBXBuildFile; fileRef = CED6A62A2653F61D005D29E7 /* omnichat_sdk_react_nativeUITests.swift */; };
		F4AD308D254DFEC6CC0D6CED /* libPods-omnichat_sdk_react_native-omnichat_sdk_react_nativeTests.a in Frameworks */ = {isa = PBXBuildFile; fileRef = 915F5055E1BAA5F599AB57BC /* libPods-omnichat_sdk_react_native-omnichat_sdk_react_nativeTests.a */; };
/* End PBXBuildFile section */

/* Begin PBXContainerItemProxy section */
		CED6A61C2653F61D005D29E7 /* PBXContainerItemProxy */ = {
			isa = PBXContainerItemProxy;
			containerPortal = CED6A5FD2653F61B005D29E7 /* Project object */;
			proxyType = 1;
			remoteGlobalIDString = CED6A6042653F61B005D29E7;
			remoteInfo = omnichat_sdk_react_native;
		};
		CED6A6272653F61D005D29E7 /* PBXContainerItemProxy */ = {
			isa = PBXContainerItemProxy;
			containerPortal = CED6A5FD2653F61B005D29E7 /* Project object */;
			proxyType = 1;
			remoteGlobalIDString = CED6A6042653F61B005D29E7;
			remoteInfo = omnichat_sdk_react_native;
		};
/* End PBXContainerItemProxy section */

/* Begin PBXFileReference section */
		0D37B2CDE506F1D4840C9750 /* Pods-omnichat_sdk_react_native-omnichat_sdk_react_nativeTests.release.xcconfig */ = {isa = PBXFileReference; includeInIndex = 1; lastKnownFileType = text.xcconfig; name = "Pods-omnichat_sdk_react_native-omnichat_sdk_react_nativeTests.release.xcconfig"; path = "Target Support Files/Pods-omnichat_sdk_react_native-omnichat_sdk_react_nativeTests/Pods-omnichat_sdk_react_native-omnichat_sdk_react_nativeTests.release.xcconfig"; sourceTree = "<group>"; };
		2E9AC59E3D3FE1FF6E907401 /* Pods-omnichat_sdk_react_native-omnichat_sdk_react_nativeTests.debug.xcconfig */ = {isa = PBXFileReference; includeInIndex = 1; lastKnownFileType = text.xcconfig; name = "Pods-omnichat_sdk_react_native-omnichat_sdk_react_nativeTests.debug.xcconfig"; path = "Target Support Files/Pods-omnichat_sdk_react_native-omnichat_sdk_react_nativeTests/Pods-omnichat_sdk_react_native-omnichat_sdk_react_nativeTests.debug.xcconfig"; sourceTree = "<group>"; };
		82BB0C07F87D6A3BAA6CE6B3 /* Pods-omnichat_sdk_react_native.debug.xcconfig */ = {isa = PBXFileReference; includeInIndex = 1; lastKnownFileType = text.xcconfig; name = "Pods-omnichat_sdk_react_native.debug.xcconfig"; path = "Target Support Files/Pods-omnichat_sdk_react_native/Pods-omnichat_sdk_react_native.debug.xcconfig"; sourceTree = "<group>"; };
		915F5055E1BAA5F599AB57BC /* libPods-omnichat_sdk_react_native-omnichat_sdk_react_nativeTests.a */ = {isa = PBXFileReference; explicitFileType = archive.ar; includeInIndex = 0; path = "libPods-omnichat_sdk_react_native-omnichat_sdk_react_nativeTests.a"; sourceTree = BUILT_PRODUCTS_DIR; };
		CECC644C2666131D002C3899 /* omnichat_sdk_react_native.entitlements */ = {isa = PBXFileReference; lastKnownFileType = text.plist.entitlements; path = omnichat_sdk_react_native.entitlements; sourceTree = "<group>"; };
		CED6A6052653F61B005D29E7 /* omnichat_sdk_react_native.app */ = {isa = PBXFileReference; explicitFileType = wrapper.application; includeInIndex = 0; path = omnichat_sdk_react_native.app; sourceTree = BUILT_PRODUCTS_DIR; };
		CED6A6082653F61B005D29E7 /* AppDelegate.swift */ = {isa = PBXFileReference; lastKnownFileType = sourcecode.swift; path = AppDelegate.swift; sourceTree = "<group>"; };
		CED6A60A2653F61B005D29E7 /* SceneDelegate.swift */ = {isa = PBXFileReference; lastKnownFileType = sourcecode.swift; path = SceneDelegate.swift; sourceTree = "<group>"; };
		CED6A60C2653F61B005D29E7 /* ViewController.swift */ = {isa = PBXFileReference; lastKnownFileType = sourcecode.swift; path = ViewController.swift; sourceTree = "<group>"; };
		CED6A60F2653F61B005D29E7 /* Base */ = {isa = PBXFileReference; lastKnownFileType = file.storyboard; name = Base; path = Base.lproj/Main.storyboard; sourceTree = "<group>"; };
		CED6A6112653F61D005D29E7 /* Assets.xcassets */ = {isa = PBXFileReference; lastKnownFileType = folder.assetcatalog; path = Assets.xcassets; sourceTree = "<group>"; };
		CED6A6142653F61D005D29E7 /* Base */ = {isa = PBXFileReference; lastKnownFileType = file.storyboard; name = Base; path = Base.lproj/LaunchScreen.storyboard; sourceTree = "<group>"; };
		CED6A6162653F61D005D29E7 /* Info.plist */ = {isa = PBXFileReference; lastKnownFileType = text.plist.xml; path = Info.plist; sourceTree = "<group>"; };
		CED6A61B2653F61D005D29E7 /* omnichat_sdk_react_nativeTests.xctest */ = {isa = PBXFileReference; explicitFileType = wrapper.cfbundle; includeInIndex = 0; path = omnichat_sdk_react_nativeTests.xctest; sourceTree = BUILT_PRODUCTS_DIR; };
		CED6A61F2653F61D005D29E7 /* omnichat_sdk_react_nativeTests.swift */ = {isa = PBXFileReference; lastKnownFileType = sourcecode.swift; path = omnichat_sdk_react_nativeTests.swift; sourceTree = "<group>"; };
		CED6A6212653F61D005D29E7 /* Info.plist */ = {isa = PBXFileReference; lastKnownFileType = text.plist.xml; path = Info.plist; sourceTree = "<group>"; };
		CED6A6262653F61D005D29E7 /* omnichat_sdk_react_nativeUITests.xctest */ = {isa = PBXFileReference; explicitFileType = wrapper.cfbundle; includeInIndex = 0; path = omnichat_sdk_react_nativeUITests.xctest; sourceTree = BUILT_PRODUCTS_DIR; };
		CED6A62A2653F61D005D29E7 /* omnichat_sdk_react_nativeUITests.swift */ = {isa = PBXFileReference; lastKnownFileType = sourcecode.swift; path = omnichat_sdk_react_nativeUITests.swift; sourceTree = "<group>"; };
		CED6A62C2653F61D005D29E7 /* Info.plist */ = {isa = PBXFileReference; lastKnownFileType = text.plist.xml; path = Info.plist; sourceTree = "<group>"; };
		F14E3BFFD8F7F854625990BE /* libPods-omnichat_sdk_react_native.a */ = {isa = PBXFileReference; explicitFileType = archive.ar; includeInIndex = 0; path = "libPods-omnichat_sdk_react_native.a"; sourceTree = BUILT_PRODUCTS_DIR; };
		FD37475216FF784E1353C217 /* Pods-omnichat_sdk_react_native.release.xcconfig */ = {isa = PBXFileReference; includeInIndex = 1; lastKnownFileType = text.xcconfig; name = "Pods-omnichat_sdk_react_native.release.xcconfig"; path = "Target Support Files/Pods-omnichat_sdk_react_native/Pods-omnichat_sdk_react_native.release.xcconfig"; sourceTree = "<group>"; };
/* End PBXFileReference section */

/* Begin PBXFrameworksBuildPhase section */
		CED6A6022653F61B005D29E7 /* Frameworks */ = {
			isa = PBXFrameworksBuildPhase;
			buildActionMask = 2147483647;
			files = (
				28A151E67B23833E3360F73E /* libPods-omnichat_sdk_react_native.a in Frameworks */,
			);
			runOnlyForDeploymentPostprocessing = 0;
		};
		CED6A6182653F61D005D29E7 /* Frameworks */ = {
			isa = PBXFrameworksBuildPhase;
			buildActionMask = 2147483647;
			files = (
				F4AD308D254DFEC6CC0D6CED /* libPods-omnichat_sdk_react_native-omnichat_sdk_react_nativeTests.a in Frameworks */,
			);
			runOnlyForDeploymentPostprocessing = 0;
		};
		CED6A6232653F61D005D29E7 /* Frameworks */ = {
			isa = PBXFrameworksBuildPhase;
			buildActionMask = 2147483647;
			files = (
			);
			runOnlyForDeploymentPostprocessing = 0;
		};
/* End PBXFrameworksBuildPhase section */

/* Begin PBXGroup section */
		B0224814879B98A65ECBDB86 /* Pods */ = {
			isa = PBXGroup;
			children = (
				82BB0C07F87D6A3BAA6CE6B3 /* Pods-omnichat_sdk_react_native.debug.xcconfig */,
				FD37475216FF784E1353C217 /* Pods-omnichat_sdk_react_native.release.xcconfig */,
				2E9AC59E3D3FE1FF6E907401 /* Pods-omnichat_sdk_react_native-omnichat_sdk_react_nativeTests.debug.xcconfig */,
				0D37B2CDE506F1D4840C9750 /* Pods-omnichat_sdk_react_native-omnichat_sdk_react_nativeTests.release.xcconfig */,
			);
			path = Pods;
			sourceTree = "<group>";
		};
		CED6A5FC2653F61B005D29E7 = {
			isa = PBXGroup;
			children = (
				CED6A6072653F61B005D29E7 /* omnichat_sdk_react_native */,
				CED6A61E2653F61D005D29E7 /* omnichat_sdk_react_nativeTests */,
				CED6A6292653F61D005D29E7 /* omnichat_sdk_react_nativeUITests */,
				CED6A6062653F61B005D29E7 /* Products */,
				B0224814879B98A65ECBDB86 /* Pods */,
				DB1789DBF286881397C790B4 /* Frameworks */,
			);
			sourceTree = "<group>";
		};
		CED6A6062653F61B005D29E7 /* Products */ = {
			isa = PBXGroup;
			children = (
				CED6A6052653F61B005D29E7 /* omnichat_sdk_react_native.app */,
				CED6A61B2653F61D005D29E7 /* omnichat_sdk_react_nativeTests.xctest */,
				CED6A6262653F61D005D29E7 /* omnichat_sdk_react_nativeUITests.xctest */,
			);
			name = Products;
			sourceTree = "<group>";
		};
		CED6A6072653F61B005D29E7 /* omnichat_sdk_react_native */ = {
			isa = PBXGroup;
			children = (
				CECC644C2666131D002C3899 /* omnichat_sdk_react_native.entitlements */,
				CED6A6082653F61B005D29E7 /* AppDelegate.swift */,
				CED6A60A2653F61B005D29E7 /* SceneDelegate.swift */,
				CED6A60C2653F61B005D29E7 /* ViewController.swift */,
				CED6A60E2653F61B005D29E7 /* Main.storyboard */,
				CED6A6112653F61D005D29E7 /* Assets.xcassets */,
				CED6A6132653F61D005D29E7 /* LaunchScreen.storyboard */,
				CED6A6162653F61D005D29E7 /* Info.plist */,
			);
			path = omnichat_sdk_react_native;
			sourceTree = "<group>";
		};
		CED6A61E2653F61D005D29E7 /* omnichat_sdk_react_nativeTests */ = {
			isa = PBXGroup;
			children = (
				CED6A61F2653F61D005D29E7 /* omnichat_sdk_react_nativeTests.swift */,
				CED6A6212653F61D005D29E7 /* Info.plist */,
			);
			path = omnichat_sdk_react_nativeTests;
			sourceTree = "<group>";
		};
		CED6A6292653F61D005D29E7 /* omnichat_sdk_react_nativeUITests */ = {
			isa = PBXGroup;
			children = (
				CED6A62A2653F61D005D29E7 /* omnichat_sdk_react_nativeUITests.swift */,
				CED6A62C2653F61D005D29E7 /* Info.plist */,
			);
			path = omnichat_sdk_react_nativeUITests;
			sourceTree = "<group>";
		};
		DB1789DBF286881397C790B4 /* Frameworks */ = {
			isa = PBXGroup;
			children = (
				F14E3BFFD8F7F854625990BE /* libPods-omnichat_sdk_react_native.a */,
				915F5055E1BAA5F599AB57BC /* libPods-omnichat_sdk_react_native-omnichat_sdk_react_nativeTests.a */,
			);
			name = Frameworks;
			sourceTree = "<group>";
		};
/* End PBXGroup section */

/* Begin PBXNativeTarget section */
		CED6A6042653F61B005D29E7 /* omnichat_sdk_react_native */ = {
			isa = PBXNativeTarget;
			buildConfigurationList = CED6A62F2653F61D005D29E7 /* Build configuration list for PBXNativeTarget "omnichat_sdk_react_native" */;
			buildPhases = (
				48344AFFDDCC34D826C34E49 /* [CP] Check Pods Manifest.lock */,
				CED6A6012653F61B005D29E7 /* Sources */,
				CED6A6022653F61B005D29E7 /* Frameworks */,
				CED6A6032653F61B005D29E7 /* Resources */,
				BF58A9AA68A4517885E601B3 /* [CP] Embed Pods Frameworks */,
				4A143ACCCE7AF63681F73753 /* [CP] Copy Pods Resources */,
			);
			buildRules = (
			);
			dependencies = (
			);
			name = omnichat_sdk_react_native;
			productName = omnichat_sdk_react_native;
			productReference = CED6A6052653F61B005D29E7 /* omnichat_sdk_react_native.app */;
			productType = "com.apple.product-type.application";
		};
		CED6A61A2653F61D005D29E7 /* omnichat_sdk_react_nativeTests */ = {
			isa = PBXNativeTarget;
			buildConfigurationList = CED6A6322653F61D005D29E7 /* Build configuration list for PBXNativeTarget "omnichat_sdk_react_nativeTests" */;
			buildPhases = (
				FF013F19B98EAD3091EBB789 /* [CP] Check Pods Manifest.lock */,
				CED6A6172653F61D005D29E7 /* Sources */,
				CED6A6182653F61D005D29E7 /* Frameworks */,
				CED6A6192653F61D005D29E7 /* Resources */,
				6421D62CF630354C287DAD59 /* [CP] Embed Pods Frameworks */,
				399D35E3432ACAB214081E11 /* [CP] Copy Pods Resources */,
			);
			buildRules = (
			);
			dependencies = (
				CED6A61D2653F61D005D29E7 /* PBXTargetDependency */,
			);
			name = omnichat_sdk_react_nativeTests;
			productName = omnichat_sdk_react_nativeTests;
			productReference = CED6A61B2653F61D005D29E7 /* omnichat_sdk_react_nativeTests.xctest */;
			productType = "com.apple.product-type.bundle.unit-test";
		};
		CED6A6252653F61D005D29E7 /* omnichat_sdk_react_nativeUITests */ = {
			isa = PBXNativeTarget;
			buildConfigurationList = CED6A6352653F61D005D29E7 /* Build configuration list for PBXNativeTarget "omnichat_sdk_react_nativeUITests" */;
			buildPhases = (
				CED6A6222653F61D005D29E7 /* Sources */,
				CED6A6232653F61D005D29E7 /* Frameworks */,
				CED6A6242653F61D005D29E7 /* Resources */,
			);
			buildRules = (
			);
			dependencies = (
				CED6A6282653F61D005D29E7 /* PBXTargetDependency */,
			);
			name = omnichat_sdk_react_nativeUITests;
			productName = omnichat_sdk_react_nativeUITests;
			productReference = CED6A6262653F61D005D29E7 /* omnichat_sdk_react_nativeUITests.xctest */;
			productType = "com.apple.product-type.bundle.ui-testing";
		};
/* End PBXNativeTarget section */

/* Begin PBXProject section */
		CED6A5FD2653F61B005D29E7 /* Project object */ = {
			isa = PBXProject;
			attributes = {
				LastSwiftUpdateCheck = 1240;
				LastUpgradeCheck = 1240;
				TargetAttributes = {
					CED6A6042653F61B005D29E7 = {
						CreatedOnToolsVersion = 12.4;
					};
					CED6A61A2653F61D005D29E7 = {
						CreatedOnToolsVersion = 12.4;
						TestTargetID = CED6A6042653F61B005D29E7;
					};
					CED6A6252653F61D005D29E7 = {
						CreatedOnToolsVersion = 12.4;
						TestTargetID = CED6A6042653F61B005D29E7;
					};
				};
			};
			buildConfigurationList = CED6A6002653F61B005D29E7 /* Build configuration list for PBXProject "omnichat_sdk_react_native" */;
			compatibilityVersion = "Xcode 9.3";
			developmentRegion = en;
			hasScannedForEncodings = 0;
			knownRegions = (
				en,
				Base,
			);
			mainGroup = CED6A5FC2653F61B005D29E7;
			productRefGroup = CED6A6062653F61B005D29E7 /* Products */;
			projectDirPath = "";
			projectRoot = "";
			targets = (
				CED6A6042653F61B005D29E7 /* omnichat_sdk_react_native */,
				CED6A61A2653F61D005D29E7 /* omnichat_sdk_react_nativeTests */,
				CED6A6252653F61D005D29E7 /* omnichat_sdk_react_nativeUITests */,
			);
		};
/* End PBXProject section */

/* Begin PBXResourcesBuildPhase section */
		CED6A6032653F61B005D29E7 /* Resources */ = {
			isa = PBXResourcesBuildPhase;
			buildActionMask = 2147483647;
			files = (
				CED6A6152653F61D005D29E7 /* LaunchScreen.storyboard in Resources */,
				CED6A6122653F61D005D29E7 /* Assets.xcassets in Resources */,
				CED6A6102653F61B005D29E7 /* Main.storyboard in Resources */,
			);
			runOnlyForDeploymentPostprocessing = 0;
		};
		CED6A6192653F61D005D29E7 /* Resources */ = {
			isa = PBXResourcesBuildPhase;
			buildActionMask = 2147483647;
			files = (
			);
			runOnlyForDeploymentPostprocessing = 0;
		};
		CED6A6242653F61D005D29E7 /* Resources */ = {
			isa = PBXResourcesBuildPhase;
			buildActionMask = 2147483647;
			files = (
			);
			runOnlyForDeploymentPostprocessing = 0;
		};
/* End PBXResourcesBuildPhase section */

/* Begin PBXShellScriptBuildPhase section */
		399D35E3432ACAB214081E11 /* [CP] Copy Pods Resources */ = {
			isa = PBXShellScriptBuildPhase;
			buildActionMask = 2147483647;
			files = (
			);
			inputFileListPaths = (
				"${PODS_ROOT}/Target Support Files/Pods-omnichat_sdk_react_native-omnichat_sdk_react_nativeTests/Pods-omnichat_sdk_react_native-omnichat_sdk_react_nativeTests-resources-${CONFIGURATION}-input-files.xcfilelist",
			);
			name = "[CP] Copy Pods Resources";
			outputFileListPaths = (
				"${PODS_ROOT}/Target Support Files/Pods-omnichat_sdk_react_native-omnichat_sdk_react_nativeTests/Pods-omnichat_sdk_react_native-omnichat_sdk_react_nativeTests-resources-${CONFIGURATION}-output-files.xcfilelist",
			);
			runOnlyForDeploymentPostprocessing = 0;
			shellPath = /bin/sh;
			shellScript = "\"${PODS_ROOT}/Target Support Files/Pods-omnichat_sdk_react_native-omnichat_sdk_react_nativeTests/Pods-omnichat_sdk_react_native-omnichat_sdk_react_nativeTests-resources.sh\"\n";
			showEnvVarsInLog = 0;
		};
		48344AFFDDCC34D826C34E49 /* [CP] Check Pods Manifest.lock */ = {
			isa = PBXShellScriptBuildPhase;
			buildActionMask = 2147483647;
			files = (
			);
			inputFileListPaths = (
			);
			inputPaths = (
				"${PODS_PODFILE_DIR_PATH}/Podfile.lock",
				"${PODS_ROOT}/Manifest.lock",
			);
			name = "[CP] Check Pods Manifest.lock";
			outputFileListPaths = (
			);
			outputPaths = (
				"$(DERIVED_FILE_DIR)/Pods-omnichat_sdk_react_native-checkManifestLockResult.txt",
			);
			runOnlyForDeploymentPostprocessing = 0;
			shellPath = /bin/sh;
			shellScript = "diff \"${PODS_PODFILE_DIR_PATH}/Podfile.lock\" \"${PODS_ROOT}/Manifest.lock\" > /dev/null\nif [ $? != 0 ] ; then\n    # print error to STDERR\n    echo \"error: The sandbox is not in sync with the Podfile.lock. Run 'pod install' or update your CocoaPods installation.\" >&2\n    exit 1\nfi\n# This output is used by Xcode 'outputs' to avoid re-running this script phase.\necho \"SUCCESS\" > \"${SCRIPT_OUTPUT_FILE_0}\"\n";
			showEnvVarsInLog = 0;
		};
		4A143ACCCE7AF63681F73753 /* [CP] Copy Pods Resources */ = {
			isa = PBXShellScriptBuildPhase;
			buildActionMask = 2147483647;
			files = (
			);
			inputFileListPaths = (
				"${PODS_ROOT}/Target Support Files/Pods-omnichat_sdk_react_native/Pods-omnichat_sdk_react_native-resources-${CONFIGURATION}-input-files.xcfilelist",
			);
			name = "[CP] Copy Pods Resources";
			outputFileListPaths = (
				"${PODS_ROOT}/Target Support Files/Pods-omnichat_sdk_react_native/Pods-omnichat_sdk_react_native-resources-${CONFIGURATION}-output-files.xcfilelist",
			);
			runOnlyForDeploymentPostprocessing = 0;
			shellPath = /bin/sh;
			shellScript = "\"${PODS_ROOT}/Target Support Files/Pods-omnichat_sdk_react_native/Pods-omnichat_sdk_react_native-resources.sh\"\n";
			showEnvVarsInLog = 0;
		};
		6421D62CF630354C287DAD59 /* [CP] Embed Pods Frameworks */ = {
			isa = PBXShellScriptBuildPhase;
			buildActionMask = 2147483647;
			files = (
			);
			inputFileListPaths = (
				"${PODS_ROOT}/Target Support Files/Pods-omnichat_sdk_react_native-omnichat_sdk_react_nativeTests/Pods-omnichat_sdk_react_native-omnichat_sdk_react_nativeTests-frameworks-${CONFIGURATION}-input-files.xcfilelist",
			);
			name = "[CP] Embed Pods Frameworks";
			outputFileListPaths = (
				"${PODS_ROOT}/Target Support Files/Pods-omnichat_sdk_react_native-omnichat_sdk_react_nativeTests/Pods-omnichat_sdk_react_native-omnichat_sdk_react_nativeTests-frameworks-${CONFIGURATION}-output-files.xcfilelist",
			);
			runOnlyForDeploymentPostprocessing = 0;
			shellPath = /bin/sh;
			shellScript = "\"${PODS_ROOT}/Target Support Files/Pods-omnichat_sdk_react_native-omnichat_sdk_react_nativeTests/Pods-omnichat_sdk_react_native-omnichat_sdk_react_nativeTests-frameworks.sh\"\n";
			showEnvVarsInLog = 0;
		};
		BF58A9AA68A4517885E601B3 /* [CP] Embed Pods Frameworks */ = {
			isa = PBXShellScriptBuildPhase;
			buildActionMask = 2147483647;
			files = (
			);
			inputFileListPaths = (
				"${PODS_ROOT}/Target Support Files/Pods-omnichat_sdk_react_native/Pods-omnichat_sdk_react_native-frameworks-${CONFIGURATION}-input-files.xcfilelist",
			);
			name = "[CP] Embed Pods Frameworks";
			outputFileListPaths = (
				"${PODS_ROOT}/Target Support Files/Pods-omnichat_sdk_react_native/Pods-omnichat_sdk_react_native-frameworks-${CONFIGURATION}-output-files.xcfilelist",
			);
			runOnlyForDeploymentPostprocessing = 0;
			shellPath = /bin/sh;
			shellScript = "\"${PODS_ROOT}/Target Support Files/Pods-omnichat_sdk_react_native/Pods-omnichat_sdk_react_native-frameworks.sh\"\n";
			showEnvVarsInLog = 0;
		};
		FF013F19B98EAD3091EBB789 /* [CP] Check Pods Manifest.lock */ = {
			isa = PBXShellScriptBuildPhase;
			buildActionMask = 2147483647;
			files = (
			);
			inputFileListPaths = (
			);
			inputPaths = (
				"${PODS_PODFILE_DIR_PATH}/Podfile.lock",
				"${PODS_ROOT}/Manifest.lock",
			);
			name = "[CP] Check Pods Manifest.lock";
			outputFileListPaths = (
			);
			outputPaths = (
				"$(DERIVED_FILE_DIR)/Pods-omnichat_sdk_react_native-omnichat_sdk_react_nativeTests-checkManifestLockResult.txt",
			);
			runOnlyForDeploymentPostprocessing = 0;
			shellPath = /bin/sh;
			shellScript = "diff \"${PODS_PODFILE_DIR_PATH}/Podfile.lock\" \"${PODS_ROOT}/Manifest.lock\" > /dev/null\nif [ $? != 0 ] ; then\n    # print error to STDERR\n    echo \"error: The sandbox is not in sync with the Podfile.lock. Run 'pod install' or update your CocoaPods installation.\" >&2\n    exit 1\nfi\n# This output is used by Xcode 'outputs' to avoid re-running this script phase.\necho \"SUCCESS\" > \"${SCRIPT_OUTPUT_FILE_0}\"\n";
			showEnvVarsInLog = 0;
		};
/* End PBXShellScriptBuildPhase section */

/* Begin PBXSourcesBuildPhase section */
		CED6A6012653F61B005D29E7 /* Sources */ = {
			isa = PBXSourcesBuildPhase;
			buildActionMask = 2147483647;
			files = (
				CED6A60D2653F61B005D29E7 /* ViewController.swift in Sources */,
				CED6A6092653F61B005D29E7 /* AppDelegate.swift in Sources */,
				CED6A60B2653F61B005D29E7 /* SceneDelegate.swift in Sources */,
			);
			runOnlyForDeploymentPostprocessing = 0;
		};
		CED6A6172653F61D005D29E7 /* Sources */ = {
			isa = PBXSourcesBuildPhase;
			buildActionMask = 2147483647;
			files = (
				CED6A6202653F61D005D29E7 /* omnichat_sdk_react_nativeTests.swift in Sources */,
			);
			runOnlyForDeploymentPostprocessing = 0;
		};
		CED6A6222653F61D005D29E7 /* Sources */ = {
			isa = PBXSourcesBuildPhase;
			buildActionMask = 2147483647;
			files = (
				CED6A62B2653F61D005D29E7 /* omnichat_sdk_react_nativeUITests.swift in Sources */,
			);
			runOnlyForDeploymentPostprocessing = 0;
		};
/* End PBXSourcesBuildPhase section */

/* Begin PBXTargetDependency section */
		CED6A61D2653F61D005D29E7 /* PBXTargetDependency */ = {
			isa = PBXTargetDependency;
			target = CED6A6042653F61B005D29E7 /* omnichat_sdk_react_native */;
			targetProxy = CED6A61C2653F61D005D29E7 /* PBXContainerItemProxy */;
		};
		CED6A6282653F61D005D29E7 /* PBXTargetDependency */ = {
			isa = PBXTargetDependency;
			target = CED6A6042653F61B005D29E7 /* omnichat_sdk_react_native */;
			targetProxy = CED6A6272653F61D005D29E7 /* PBXContainerItemProxy */;
		};
/* End PBXTargetDependency section */

/* Begin PBXVariantGroup section */
		CED6A60E2653F61B005D29E7 /* Main.storyboard */ = {
			isa = PBXVariantGroup;
			children = (
				CED6A60F2653F61B005D29E7 /* Base */,
			);
			name = Main.storyboard;
			sourceTree = "<group>";
		};
		CED6A6132653F61D005D29E7 /* LaunchScreen.storyboard */ = {
			isa = PBXVariantGroup;
			children = (
				CED6A6142653F61D005D29E7 /* Base */,
			);
			name = LaunchScreen.storyboard;
			sourceTree = "<group>";
		};
/* End PBXVariantGroup section */

/* Begin XCBuildConfiguration section */
		CED6A62D2653F61D005D29E7 /* Debug */ = {
			isa = XCBuildConfiguration;
			buildSettings = {
				ALWAYS_SEARCH_USER_PATHS = NO;
				CLANG_ANALYZER_NONNULL = YES;
				CLANG_ANALYZER_NUMBER_OBJECT_CONVERSION = YES_AGGRESSIVE;
				CLANG_CXX_LANGUAGE_STANDARD = "gnu++14";
				CLANG_CXX_LIBRARY = "libc++";
				CLANG_ENABLE_MODULES = YES;
				CLANG_ENABLE_OBJC_ARC = YES;
				CLANG_ENABLE_OBJC_WEAK = YES;
				CLANG_WARN_BLOCK_CAPTURE_AUTORELEASING = YES;
				CLANG_WARN_BOOL_CONVERSION = YES;
				CLANG_WARN_COMMA = YES;
				CLANG_WARN_CONSTANT_CONVERSION = YES;
				CLANG_WARN_DEPRECATED_OBJC_IMPLEMENTATIONS = YES;
				CLANG_WARN_DIRECT_OBJC_ISA_USAGE = YES_ERROR;
				CLANG_WARN_DOCUMENTATION_COMMENTS = YES;
				CLANG_WARN_EMPTY_BODY = YES;
				CLANG_WARN_ENUM_CONVERSION = YES;
				CLANG_WARN_INFINITE_RECURSION = YES;
				CLANG_WARN_INT_CONVERSION = YES;
				CLANG_WARN_NON_LITERAL_NULL_CONVERSION = YES;
				CLANG_WARN_OBJC_IMPLICIT_RETAIN_SELF = YES;
				CLANG_WARN_OBJC_LITERAL_CONVERSION = YES;
				CLANG_WARN_OBJC_ROOT_CLASS = YES_ERROR;
				CLANG_WARN_QUOTED_INCLUDE_IN_FRAMEWORK_HEADER = YES;
				CLANG_WARN_RANGE_LOOP_ANALYSIS = YES;
				CLANG_WARN_STRICT_PROTOTYPES = YES;
				CLANG_WARN_SUSPICIOUS_MOVE = YES;
				CLANG_WARN_UNGUARDED_AVAILABILITY = YES_AGGRESSIVE;
				CLANG_WARN_UNREACHABLE_CODE = YES;
				CLANG_WARN__DUPLICATE_METHOD_MATCH = YES;
				COPY_PHASE_STRIP = NO;
				DEBUG_INFORMATION_FORMAT = dwarf;
				ENABLE_STRICT_OBJC_MSGSEND = YES;
				ENABLE_TESTABILITY = YES;
				"EXCLUDED_ARCHS[sdk=iphonesimulator*]" = "arm64 ";
				GCC_C_LANGUAGE_STANDARD = gnu11;
				GCC_DYNAMIC_NO_PIC = NO;
				GCC_NO_COMMON_BLOCKS = YES;
				GCC_OPTIMIZATION_LEVEL = 0;
				GCC_PREPROCESSOR_DEFINITIONS = (
					"DEBUG=1",
					"$(inherited)",
				);
				GCC_WARN_64_TO_32_BIT_CONVERSION = YES;
				GCC_WARN_ABOUT_RETURN_TYPE = YES_ERROR;
				GCC_WARN_UNDECLARED_SELECTOR = YES;
				GCC_WARN_UNINITIALIZED_AUTOS = YES_AGGRESSIVE;
				GCC_WARN_UNUSED_FUNCTION = YES;
				GCC_WARN_UNUSED_VARIABLE = YES;
				IPHONEOS_DEPLOYMENT_TARGET = 14.4;
				MTL_ENABLE_DEBUG_INFO = INCLUDE_SOURCE;
				MTL_FAST_MATH = YES;
				ONLY_ACTIVE_ARCH = YES;
				SDKROOT = iphoneos;
				SWIFT_ACTIVE_COMPILATION_CONDITIONS = DEBUG;
				SWIFT_OPTIMIZATION_LEVEL = "-Onone";
			};
			name = Debug;
		};
		CED6A62E2653F61D005D29E7 /* Release */ = {
			isa = XCBuildConfiguration;
			buildSettings = {
				ALWAYS_SEARCH_USER_PATHS = NO;
				CLANG_ANALYZER_NONNULL = YES;
				CLANG_ANALYZER_NUMBER_OBJECT_CONVERSION = YES_AGGRESSIVE;
				CLANG_CXX_LANGUAGE_STANDARD = "gnu++14";
				CLANG_CXX_LIBRARY = "libc++";
				CLANG_ENABLE_MODULES = YES;
				CLANG_ENABLE_OBJC_ARC = YES;
				CLANG_ENABLE_OBJC_WEAK = YES;
				CLANG_WARN_BLOCK_CAPTURE_AUTORELEASING = YES;
				CLANG_WARN_BOOL_CONVERSION = YES;
				CLANG_WARN_COMMA = YES;
				CLANG_WARN_CONSTANT_CONVERSION = YES;
				CLANG_WARN_DEPRECATED_OBJC_IMPLEMENTATIONS = YES;
				CLANG_WARN_DIRECT_OBJC_ISA_USAGE = YES_ERROR;
				CLANG_WARN_DOCUMENTATION_COMMENTS = YES;
				CLANG_WARN_EMPTY_BODY = YES;
				CLANG_WARN_ENUM_CONVERSION = YES;
				CLANG_WARN_INFINITE_RECURSION = YES;
				CLANG_WARN_INT_CONVERSION = YES;
				CLANG_WARN_NON_LITERAL_NULL_CONVERSION = YES;
				CLANG_WARN_OBJC_IMPLICIT_RETAIN_SELF = YES;
				CLANG_WARN_OBJC_LITERAL_CONVERSION = YES;
				CLANG_WARN_OBJC_ROOT_CLASS = YES_ERROR;
				CLANG_WARN_QUOTED_INCLUDE_IN_FRAMEWORK_HEADER = YES;
				CLANG_WARN_RANGE_LOOP_ANALYSIS = YES;
				CLANG_WARN_STRICT_PROTOTYPES = YES;
				CLANG_WARN_SUSPICIOUS_MOVE = YES;
				CLANG_WARN_UNGUARDED_AVAILABILITY = YES_AGGRESSIVE;
				CLANG_WARN_UNREACHABLE_CODE = YES;
				CLANG_WARN__DUPLICATE_METHOD_MATCH = YES;
				COPY_PHASE_STRIP = NO;
				DEBUG_INFORMATION_FORMAT = "dwarf-with-dsym";
				ENABLE_NS_ASSERTIONS = NO;
				ENABLE_STRICT_OBJC_MSGSEND = YES;
				"EXCLUDED_ARCHS[sdk=iphonesimulator*]" = "arm64 ";
				GCC_C_LANGUAGE_STANDARD = gnu11;
				GCC_NO_COMMON_BLOCKS = YES;
				GCC_WARN_64_TO_32_BIT_CONVERSION = YES;
				GCC_WARN_ABOUT_RETURN_TYPE = YES_ERROR;
				GCC_WARN_UNDECLARED_SELECTOR = YES;
				GCC_WARN_UNINITIALIZED_AUTOS = YES_AGGRESSIVE;
				GCC_WARN_UNUSED_FUNCTION = YES;
				GCC_WARN_UNUSED_VARIABLE = YES;
				IPHONEOS_DEPLOYMENT_TARGET = 14.4;
				MTL_ENABLE_DEBUG_INFO = NO;
				MTL_FAST_MATH = YES;
				SDKROOT = iphoneos;
				SWIFT_COMPILATION_MODE = wholemodule;
				SWIFT_OPTIMIZATION_LEVEL = "-O";
				VALIDATE_PRODUCT = YES;
			};
			name = Release;
		};
		CED6A6302653F61D005D29E7 /* Debug */ = {
			isa = XCBuildConfiguration;
			baseConfigurationReference = 82BB0C07F87D6A3BAA6CE6B3 /* Pods-omnichat_sdk_react_native.debug.xcconfig */;
			buildSettings = {
				ASSETCATALOG_COMPILER_APPICON_NAME = AppIcon;
				ASSETCATALOG_COMPILER_GLOBAL_ACCENT_COLOR_NAME = AccentColor;
				CODE_SIGN_ENTITLEMENTS = omnichat_sdk_react_native/omnichat_sdk_react_native.entitlements;
				CODE_SIGN_STYLE = Automatic;
				DEVELOPMENT_TEAM = 3T29VP2888;
				INFOPLIST_FILE = omnichat_sdk_react_native/Info.plist;
				LD_RUNPATH_SEARCH_PATHS = (
					"$(inherited)",
					"@executable_path/Frameworks",
				);
				PRODUCT_BUNDLE_IDENTIFIER = "com.example.omnichat-sdk-react-native";
				PRODUCT_NAME = "$(TARGET_NAME)";
				SWIFT_VERSION = 5.0;
				TARGETED_DEVICE_FAMILY = "1,2";
			};
			name = Debug;
		};
		CED6A6312653F61D005D29E7 /* Release */ = {
			isa = XCBuildConfiguration;
			baseConfigurationReference = FD37475216FF784E1353C217 /* Pods-omnichat_sdk_react_native.release.xcconfig */;
			buildSettings = {
				ASSETCATALOG_COMPILER_APPICON_NAME = AppIcon;
				ASSETCATALOG_COMPILER_GLOBAL_ACCENT_COLOR_NAME = AccentColor;
				CODE_SIGN_ENTITLEMENTS = omnichat_sdk_react_native/omnichat_sdk_react_native.entitlements;
				CODE_SIGN_STYLE = Automatic;
				DEVELOPMENT_TEAM = 3T29VP2888;
				INFOPLIST_FILE = omnichat_sdk_react_native/Info.plist;
				LD_RUNPATH_SEARCH_PATHS = (
					"$(inherited)",
					"@executable_path/Frameworks",
				);
				PRODUCT_BUNDLE_IDENTIFIER = "com.example.omnichat-sdk-react-native";
				PRODUCT_NAME = "$(TARGET_NAME)";
				SWIFT_VERSION = 5.0;
				TARGETED_DEVICE_FAMILY = "1,2";
			};
			name = Release;
		};
		CED6A6332653F61D005D29E7 /* Debug */ = {
			isa = XCBuildConfiguration;
			baseConfigurationReference = 2E9AC59E3D3FE1FF6E907401 /* Pods-omnichat_sdk_react_native-omnichat_sdk_react_nativeTests.debug.xcconfig */;
			buildSettings = {
				ALWAYS_EMBED_SWIFT_STANDARD_LIBRARIES = YES;
				BUNDLE_LOADER = "$(TEST_HOST)";
				CODE_SIGN_STYLE = Automatic;
				DEVELOPMENT_TEAM = 3T29VP2888;
				INFOPLIST_FILE = omnichat_sdk_react_nativeTests/Info.plist;
				IPHONEOS_DEPLOYMENT_TARGET = 14.4;
				LD_RUNPATH_SEARCH_PATHS = (
					"$(inherited)",
					"@executable_path/Frameworks",
					"@loader_path/Frameworks",
				);
				PRODUCT_BUNDLE_IDENTIFIER = "com.example.omnichat-sdk-react-nativeTests";
				PRODUCT_NAME = "$(TARGET_NAME)";
				SWIFT_VERSION = 5.0;
				TARGETED_DEVICE_FAMILY = "1,2";
				TEST_HOST = "$(BUILT_PRODUCTS_DIR)/omnichat_sdk_react_native.app/omnichat_sdk_react_native";
			};
			name = Debug;
		};
		CED6A6342653F61D005D29E7 /* Release */ = {
			isa = XCBuildConfiguration;
			baseConfigurationReference = 0D37B2CDE506F1D4840C9750 /* Pods-omnichat_sdk_react_native-omnichat_sdk_react_nativeTests.release.xcconfig */;
			buildSettings = {
				ALWAYS_EMBED_SWIFT_STANDARD_LIBRARIES = YES;
				BUNDLE_LOADER = "$(TEST_HOST)";
				CODE_SIGN_STYLE = Automatic;
				DEVELOPMENT_TEAM = 3T29VP2888;
				INFOPLIST_FILE = omnichat_sdk_react_nativeTests/Info.plist;
				IPHONEOS_DEPLOYMENT_TARGET = 14.4;
				LD_RUNPATH_SEARCH_PATHS = (
					"$(inherited)",
					"@executable_path/Frameworks",
					"@loader_path/Frameworks",
				);
				PRODUCT_BUNDLE_IDENTIFIER = "com.example.omnichat-sdk-react-nativeTests";
				PRODUCT_NAME = "$(TARGET_NAME)";
				SWIFT_VERSION = 5.0;
				TARGETED_DEVICE_FAMILY = "1,2";
				TEST_HOST = "$(BUILT_PRODUCTS_DIR)/omnichat_sdk_react_native.app/omnichat_sdk_react_native";
			};
			name = Release;
		};
		CED6A6362653F61D005D29E7 /* Debug */ = {
			isa = XCBuildConfiguration;
			buildSettings = {
				ALWAYS_EMBED_SWIFT_STANDARD_LIBRARIES = YES;
				CODE_SIGN_STYLE = Automatic;
				DEVELOPMENT_TEAM = 3T29VP2888;
				INFOPLIST_FILE = omnichat_sdk_react_nativeUITests/Info.plist;
				LD_RUNPATH_SEARCH_PATHS = (
					"$(inherited)",
					"@executable_path/Frameworks",
					"@loader_path/Frameworks",
				);
				PRODUCT_BUNDLE_IDENTIFIER = "com.example.omnichat-sdk-react-nativeUITests";
				PRODUCT_NAME = "$(TARGET_NAME)";
				SWIFT_VERSION = 5.0;
				TARGETED_DEVICE_FAMILY = "1,2";
				TEST_TARGET_NAME = omnichat_sdk_react_native;
			};
			name = Debug;
		};
		CED6A6372653F61D005D29E7 /* Release */ = {
			isa = XCBuildConfiguration;
			buildSettings = {
				ALWAYS_EMBED_SWIFT_STANDARD_LIBRARIES = YES;
				CODE_SIGN_STYLE = Automatic;
				DEVELOPMENT_TEAM = 3T29VP2888;
				INFOPLIST_FILE = omnichat_sdk_react_nativeUITests/Info.plist;
				LD_RUNPATH_SEARCH_PATHS = (
					"$(inherited)",
					"@executable_path/Frameworks",
					"@loader_path/Frameworks",
				);
				PRODUCT_BUNDLE_IDENTIFIER = "com.example.omnichat-sdk-react-nativeUITests";
				PRODUCT_NAME = "$(TARGET_NAME)";
				SWIFT_VERSION = 5.0;
				TARGETED_DEVICE_FAMILY = "1,2";
				TEST_TARGET_NAME = omnichat_sdk_react_native;
			};
			name = Release;
		};
/* End XCBuildConfiguration section */

/* Begin XCConfigurationList section */
		CED6A6002653F61B005D29E7 /* Build configuration list for PBXProject "omnichat_sdk_react_native" */ = {
			isa = XCConfigurationList;
			buildConfigurations = (
				CED6A62D2653F61D005D29E7 /* Debug */,
				CED6A62E2653F61D005D29E7 /* Release */,
			);
			defaultConfigurationIsVisible = 0;
			defaultConfigurationName = Release;
		};
		CED6A62F2653F61D005D29E7 /* Build configuration list for PBXNativeTarget "omnichat_sdk_react_native" */ = {
			isa = XCConfigurationList;
			buildConfigurations = (
				CED6A6302653F61D005D29E7 /* Debug */,
				CED6A6312653F61D005D29E7 /* Release */,
			);
			defaultConfigurationIsVisible = 0;
			defaultConfigurationName = Release;
		};
		CED6A6322653F61D005D29E7 /* Build configuration list for PBXNativeTarget "omnichat_sdk_react_nativeTests" */ = {
			isa = XCConfigurationList;
			buildConfigurations = (
				CED6A6332653F61D005D29E7 /* Debug */,
				CED6A6342653F61D005D29E7 /* Release */,
			);
			defaultConfigurationIsVisible = 0;
			defaultConfigurationName = Release;
		};
		CED6A6352653F61D005D29E7 /* Build configuration list for PBXNativeTarget "omnichat_sdk_react_nativeUITests" */ = {
			isa = XCConfigurationList;
			buildConfigurations = (
				CED6A6362653F61D005D29E7 /* Debug */,
				CED6A6372653F61D005D29E7 /* Release */,
			);
			defaultConfigurationIsVisible = 0;
			defaultConfigurationName = Release;
		};
/* End XCConfigurationList section */
	};
	rootObject = CED6A5FD2653F61B005D29E7 /* Project object */;
}
